// !$*UTF8*$!
{
	archiveVersion = 1;
	classes = {
	};
	objectVersion = 77;
	objects = {

/* Begin PBXBuildFile section */
		325DD3092EC5B87200C24ADD /* RxCocoa in Frameworks */ = {isa = PBXBuildFile; productRef = 325DD3082EC5B87200C24ADD /* RxCocoa */; };
		325DD30B2EC5B87200C24ADD /* RxRelay in Frameworks */ = {isa = PBXBuildFile; productRef = 325DD30A2EC5B87200C24ADD /* RxRelay */; };
		325DD30D2EC5B87200C24ADD /* RxSwift in Frameworks */ = {isa = PBXBuildFile; productRef = 325DD30C2EC5B87200C24ADD /* RxSwift */; };
/* End PBXBuildFile section */

/* Begin PBXContainerItemProxy section */
		323446FD2EC5AF190099BB50 /* PBXContainerItemProxy */ = {
			isa = PBXContainerItemProxy;
			containerPortal = 323446DE2EC5AF180099BB50 /* Project object */;
			proxyType = 1;
			remoteGlobalIDString = 323446E52EC5AF180099BB50;
			remoteInfo = GenericsExtensions;
		};
		323447072EC5AF190099BB50 /* PBXContainerItemProxy */ = {
			isa = PBXContainerItemProxy;
			containerPortal = 323446DE2EC5AF180099BB50 /* Project object */;
			proxyType = 1;
			remoteGlobalIDString = 323446E52EC5AF180099BB50;
			remoteInfo = GenericsExtensions;
		};
/* End PBXContainerItemProxy section */

/* Begin PBXFileReference section */
		323446E62EC5AF180099BB50 /* GenericsExtensions.app */ = {isa = PBXFileReference; explicitFileType = wrapper.application; includeInIndex = 0; path = GenericsExtensions.app; sourceTree = BUILT_PRODUCTS_DIR; };
		323446FC2EC5AF190099BB50 /* GenericsExtensionsTests.xctest */ = {isa = PBXFileReference; explicitFileType = wrapper.cfbundle; includeInIndex = 0; path = GenericsExtensionsTests.xctest; sourceTree = BUILT_PRODUCTS_DIR; };
		323447062EC5AF190099BB50 /* GenericsExtensionsUITests.xctest */ = {isa = PBXFileReference; explicitFileType = wrapper.cfbundle; includeInIndex = 0; path = GenericsExtensionsUITests.xctest; sourceTree = BUILT_PRODUCTS_DIR; };
/* End PBXFileReference section */

/* Begin PBXFileSystemSynchronizedBuildFileExceptionSet section */
		3234470E2EC5AF190099BB50 /* Exceptions for "GenericsExtensions" folder in "GenericsExtensions" target */ = {
			isa = PBXFileSystemSynchronizedBuildFileExceptionSet;
			membershipExceptions = (
				Info.plist,
			);
			target = 323446E52EC5AF180099BB50 /* GenericsExtensions */;
		};
/* End PBXFileSystemSynchronizedBuildFileExceptionSet section */

/* Begin PBXFileSystemSynchronizedRootGroup section */
		323446E82EC5AF180099BB50 /* GenericsExtensions */ = {
			isa = PBXFileSystemSynchronizedRootGroup;
			exceptions = (
				3234470E2EC5AF190099BB50 /* Exceptions for "GenericsExtensions" folder in "GenericsExtensions" target */,
			);
			path = GenericsExtensions;
			sourceTree = "<group>";
		};
		323446FF2EC5AF190099BB50 /* GenericsExtensionsTests */ = {
			isa = PBXFileSystemSynchronizedRootGroup;
			path = GenericsExtensionsTests;
			sourceTree = "<group>";
		};
		323447092EC5AF190099BB50 /* GenericsExtensionsUITests */ = {
			isa = PBXFileSystemSynchronizedRootGroup;
			path = GenericsExtensionsUITests;
			sourceTree = "<group>";
		};
/* End PBXFileSystemSynchronizedRootGroup section */

/* Begin PBXFrameworksBuildPhase section */
		323446E32EC5AF180099BB50 /* Frameworks */ = {
			isa = PBXFrameworksBuildPhase;
			buildActionMask = 2147483647;
			files = (
				325DD30D2EC5B87200C24ADD /* RxSwift in Frameworks */,
				325DD30B2EC5B87200C24ADD /* RxRelay in Frameworks */,
				325DD3092EC5B87200C24ADD /* RxCocoa in Frameworks */,
			);
			runOnlyForDeploymentPostprocessing = 0;
		};
		323446F92EC5AF190099BB50 /* Frameworks */ = {
			isa = PBXFrameworksBuildPhase;
			buildActionMask = 2147483647;
			files = (
			);
			runOnlyForDeploymentPostprocessing = 0;
		};
		323447032EC5AF190099BB50 /* Frameworks */ = {
			isa = PBXFrameworksBuildPhase;
			buildActionMask = 2147483647;
			files = (
			);
			runOnlyForDeploymentPostprocessing = 0;
		};
/* End PBXFrameworksBuildPhase section */

/* Begin PBXGroup section */
		323446DD2EC5AF180099BB50 = {
			isa = PBXGroup;
			children = (
				323446E82EC5AF180099BB50 /* GenericsExtensions */,
				323446FF2EC5AF190099BB50 /* GenericsExtensionsTests */,
				323447092EC5AF190099BB50 /* GenericsExtensionsUITests */,
				323446E72EC5AF180099BB50 /* Products */,
			);
			sourceTree = "<group>";
		};
		323446E72EC5AF180099BB50 /* Products */ = {
			isa = PBXGroup;
			children = (
				323446E62EC5AF180099BB50 /* GenericsExtensions.app */,
				323446FC2EC5AF190099BB50 /* GenericsExtensionsTests.xctest */,
				323447062EC5AF190099BB50 /* GenericsExtensionsUITests.xctest */,
			);
			name = Products;
			sourceTree = "<group>";
		};
/* End PBXGroup section */

/* Begin PBXNativeTarget section */
		323446E52EC5AF180099BB50 /* GenericsExtensions */ = {
			isa = PBXNativeTarget;
			buildConfigurationList = 3234470F2EC5AF190099BB50 /* Build configuration list for PBXNativeTarget "GenericsExtensions" */;
			buildPhases = (
				323446E22EC5AF180099BB50 /* Sources */,
				323446E32EC5AF180099BB50 /* Frameworks */,
				323446E42EC5AF180099BB50 /* Resources */,
			);
			buildRules = (
			);
			dependencies = (
			);
			fileSystemSynchronizedGroups = (
				323446E82EC5AF180099BB50 /* GenericsExtensions */,
			);
			name = GenericsExtensions;
			packageProductDependencies = (
				325DD3082EC5B87200C24ADD /* RxCocoa */,
				325DD30A2EC5B87200C24ADD /* RxRelay */,
				325DD30C2EC5B87200C24ADD /* RxSwift */,
			);
			productName = GenericsExtensions;
			productReference = 323446E62EC5AF180099BB50 /* GenericsExtensions.app */;
			productType = "com.apple.product-type.application";
		};
		323446FB2EC5AF190099BB50 /* GenericsExtensionsTests */ = {
			isa = PBXNativeTarget;
			buildConfigurationList = 323447142EC5AF190099BB50 /* Build configuration list for PBXNativeTarget "GenericsExtensionsTests" */;
			buildPhases = (
				323446F82EC5AF190099BB50 /* Sources */,
				323446F92EC5AF190099BB50 /* Frameworks */,
				323446FA2EC5AF190099BB50 /* Resources */,
			);
			buildRules = (
			);
			dependencies = (
				323446FE2EC5AF190099BB50 /* PBXTargetDependency */,
			);
			fileSystemSynchronizedGroups = (
				323446FF2EC5AF190099BB50 /* GenericsExtensionsTests */,
			);
			name = GenericsExtensionsTests;
			packageProductDependencies = (
			);
			productName = GenericsExtensionsTests;
			productReference = 323446FC2EC5AF190099BB50 /* GenericsExtensionsTests.xctest */;
			productType = "com.apple.product-type.bundle.unit-test";
		};
		323447052EC5AF190099BB50 /* GenericsExtensionsUITests */ = {
			isa = PBXNativeTarget;
			buildConfigurationList = 323447172EC5AF190099BB50 /* Build configuration list for PBXNativeTarget "GenericsExtensionsUITests" */;
			buildPhases = (
				323447022EC5AF190099BB50 /* Sources */,
				323447032EC5AF190099BB50 /* Frameworks */,
				323447042EC5AF190099BB50 /* Resources */,
			);
			buildRules = (
			);
			dependencies = (
				323447082EC5AF190099BB50 /* PBXTargetDependency */,
			);
			fileSystemSynchronizedGroups = (
				323447092EC5AF190099BB50 /* GenericsExtensionsUITests */,
			);
			name = GenericsExtensionsUITests;
			packageProductDependencies = (
			);
			productName = GenericsExtensionsUITests;
			productReference = 323447062EC5AF190099BB50 /* GenericsExtensionsUITests.xctest */;
			productType = "com.apple.product-type.bundle.ui-testing";
		};
/* End PBXNativeTarget section */

/* Begin PBXProject section */
		323446DE2EC5AF180099BB50 /* Project object */ = {
			isa = PBXProject;
			attributes = {
				BuildIndependentTargetsInParallel = 1;
				LastSwiftUpdateCheck = 1640;
				LastUpgradeCheck = 2600;
				TargetAttributes = {
					323446E52EC5AF180099BB50 = {
						CreatedOnToolsVersion = 16.4;
					};
					323446FB2EC5AF190099BB50 = {
						CreatedOnToolsVersion = 16.4;
						TestTargetID = 323446E52EC5AF180099BB50;
					};
					323447052EC5AF190099BB50 = {
						CreatedOnToolsVersion = 16.4;
						TestTargetID = 323446E52EC5AF180099BB50;
					};
				};
			};
			buildConfigurationList = 323446E12EC5AF180099BB50 /* Build configuration list for PBXProject "GenericsExtensions" */;
			developmentRegion = en;
			hasScannedForEncodings = 0;
			knownRegions = (
				en,
				Base,
			);
			mainGroup = 323446DD2EC5AF180099BB50;
			minimizedProjectReferenceProxies = 1;
			packageReferences = (
				3234471A2EC5AF600099BB50 /* XCRemoteSwiftPackageReference "RxSwift" */,
			);
			preferredProjectObjectVersion = 77;
			productRefGroup = 323446E72EC5AF180099BB50 /* Products */;
			projectDirPath = "";
			projectRoot = "";
			targets = (
				323446E52EC5AF180099BB50 /* GenericsExtensions */,
				323446FB2EC5AF190099BB50 /* GenericsExtensionsTests */,
				323447052EC5AF190099BB50 /* GenericsExtensionsUITests */,
			);
		};
/* End PBXProject section */

/* Begin PBXResourcesBuildPhase section */
		323446E42EC5AF180099BB50 /* Resources */ = {
			isa = PBXResourcesBuildPhase;
			buildActionMask = 2147483647;
			files = (
			);
			runOnlyForDeploymentPostprocessing = 0;
		};
		323446FA2EC5AF190099BB50 /* Resources */ = {
			isa = PBXResourcesBuildPhase;
			buildActionMask = 2147483647;
			files = (
			);
			runOnlyForDeploymentPostprocessing = 0;
		};
		323447042EC5AF190099BB50 /* Resources */ = {
			isa = PBXResourcesBuildPhase;
			buildActionMask = 2147483647;
			files = (
			);
			runOnlyForDeploymentPostprocessing = 0;
		};
/* End PBXResourcesBuildPhase section */

/* Begin PBXSourcesBuildPhase section */
		323446E22EC5AF180099BB50 /* Sources */ = {
			isa = PBXSourcesBuildPhase;
			buildActionMask = 2147483647;
			files = (
			);
			runOnlyForDeploymentPostprocessing = 0;
		};
		323446F82EC5AF190099BB50 /* Sources */ = {
			isa = PBXSourcesBuildPhase;
			buildActionMask = 2147483647;
			files = (
			);
			runOnlyForDeploymentPostprocessing = 0;
		};
		323447022EC5AF190099BB50 /* Sources */ = {
			isa = PBXSourcesBuildPhase;
			buildActionMask = 2147483647;
			files = (
			);
			runOnlyForDeploymentPostprocessing = 0;
		};
/* End PBXSourcesBuildPhase section */

/* Begin PBXTargetDependency section */
		323446FE2EC5AF190099BB50 /* PBXTargetDependency */ = {
			isa = PBXTargetDependency;
			target = 323446E52EC5AF180099BB50 /* GenericsExtensions */;
			targetProxy = 323446FD2EC5AF190099BB50 /* PBXContainerItemProxy */;
		};
		323447082EC5AF190099BB50 /* PBXTargetDependency */ = {
			isa = PBXTargetDependency;
			target = 323446E52EC5AF180099BB50 /* GenericsExtensions */;
			targetProxy = 323447072EC5AF190099BB50 /* PBXContainerItemProxy */;
		};
/* End PBXTargetDependency section */

/* Begin XCBuildConfiguration section */
		323447102EC5AF190099BB50 /* Debug */ = {
			isa = XCBuildConfiguration;
			buildSettings = {
				ASSETCATALOG_COMPILER_APPICON_NAME = AppIcon;
				ASSETCATALOG_COMPILER_GLOBAL_ACCENT_COLOR_NAME = AccentColor;
				CODE_SIGN_STYLE = Automatic;
				CURRENT_PROJECT_VERSION = 1;
				GENERATE_INFOPLIST_FILE = YES;
				INFOPLIST_FILE = GenericsExtensions/Info.plist;
				INFOPLIST_KEY_UIApplicationSupportsIndirectInputEvents = YES;
				INFOPLIST_KEY_UILaunchStoryboardName = LaunchScreen;
				INFOPLIST_KEY_UIMainStoryboardFile = Main;
				INFOPLIST_KEY_UISupportedInterfaceOrientations_iPad = "UIInterfaceOrientationPortrait UIInterfaceOrientationPortraitUpsideDown UIInterfaceOrientationLandscapeLeft UIInterfaceOrientationLandscapeRight";
				INFOPLIST_KEY_UISupportedInterfaceOrientations_iPhone = "UIInterfaceOrientationPortrait UIInterfaceOrientationLandscapeLeft UIInterfaceOrientationLandscapeRight";
				LD_RUNPATH_SEARCH_PATHS = (
					"$(inherited)",
					"@executable_path/Frameworks",
				);
				MARKETING_VERSION = 1.0;
				PRODUCT_BUNDLE_IDENTIFIER = com.rxswift.tutorial.GenericsExtensions;
				PRODUCT_NAME = "$(TARGET_NAME)";
				SWIFT_EMIT_LOC_STRINGS = YES;
				SWIFT_VERSION = 5.0;
				TARGETED_DEVICE_FAMILY = "1,2";
			};
			name = Debug;
		};
		323447112EC5AF190099BB50 /* Release */ = {
			isa = XCBuildConfiguration;
			buildSettings = {
				ASSETCATALOG_COMPILER_APPICON_NAME = AppIcon;
				ASSETCATALOG_COMPILER_GLOBAL_ACCENT_COLOR_NAME = AccentColor;
				CODE_SIGN_STYLE = Automatic;
				CURRENT_PROJECT_VERSION = 1;
				GENERATE_INFOPLIST_FILE = YES;
				INFOPLIST_FILE = GenericsExtensions/Info.plist;
				INFOPLIST_KEY_UIApplicationSupportsIndirectInputEvents = YES;
				INFOPLIST_KEY_UILaunchStoryboardName = LaunchScreen;
				INFOPLIST_KEY_UIMainStoryboardFile = Main;
				INFOPLIST_KEY_UISupportedInterfaceOrientations_iPad = "UIInterfaceOrientationPortrait UIInterfaceOrientationPortraitUpsideDown UIInterfaceOrientationLandscapeLeft UIInterfaceOrientationLandscapeRight";
				INFOPLIST_KEY_UISupportedInterfaceOrientations_iPhone = "UIInterfaceOrientationPortrait UIInterfaceOrientationLandscapeLeft UIInterfaceOrientationLandscapeRight";
				LD_RUNPATH_SEARCH_PATHS = (
					"$(inherited)",
					"@executable_path/Frameworks",
				);
				MARKETING_VERSION = 1.0;
				PRODUCT_BUNDLE_IDENTIFIER = com.rxswift.tutorial.GenericsExtensions;
				PRODUCT_NAME = "$(TARGET_NAME)";
				SWIFT_EMIT_LOC_STRINGS = YES;
				SWIFT_VERSION = 5.0;
				TARGETED_DEVICE_FAMILY = "1,2";
			};
			name = Release;
		};
		323447122EC5AF190099BB50 /* Debug */ = {
			isa = XCBuildConfiguration;
			buildSettings = {
				ALWAYS_SEARCH_USER_PATHS = NO;
				ASSETCATALOG_COMPILER_GENERATE_SWIFT_ASSET_SYMBOL_EXTENSIONS = YES;
				CLANG_ANALYZER_NONNULL = YES;
				CLANG_ANALYZER_NUMBER_OBJECT_CONVERSION = YES_AGGRESSIVE;
				CLANG_CXX_LANGUAGE_STANDARD = "gnu++20";
				CLANG_ENABLE_MODULES = YES;
				CLANG_ENABLE_OBJC_ARC = YES;
				CLANG_ENABLE_OBJC_WEAK = YES;
				CLANG_WARN_BLOCK_CAPTURE_AUTORELEASING = YES;
				CLANG_WARN_BOOL_CONVERSION = YES;
				CLANG_WARN_COMMA = YES;
				CLANG_WARN_CONSTANT_CONVERSION = YES;
				CLANG_WARN_DEPRECATED_OBJC_IMPLEMENTATIONS = YES;
				CLANG_WARN_DIRECT_OBJC_ISA_USAGE = YES_ERROR;
				CLANG_WARN_DOCUMENTATION_COMMENTS = YES;
				CLANG_WARN_EMPTY_BODY = YES;
				CLANG_WARN_ENUM_CONVERSION = YES;
				CLANG_WARN_INFINITE_RECURSION = YES;
				CLANG_WARN_INT_CONVERSION = YES;
				CLANG_WARN_NON_LITERAL_NULL_CONVERSION = YES;
				CLANG_WARN_OBJC_IMPLICIT_RETAIN_SELF = YES;
				CLANG_WARN_OBJC_LITERAL_CONVERSION = YES;
				CLANG_WARN_OBJC_ROOT_CLASS = YES_ERROR;
				CLANG_WARN_QUOTED_INCLUDE_IN_FRAMEWORK_HEADER = YES;
				CLANG_WARN_RANGE_LOOP_ANALYSIS = YES;
				CLANG_WARN_STRICT_PROTOTYPES = YES;
				CLANG_WARN_SUSPICIOUS_MOVE = YES;
				CLANG_WARN_UNGUARDED_AVAILABILITY = YES_AGGRESSIVE;
				CLANG_WARN_UNREACHABLE_CODE = YES;
				CLANG_WARN__DUPLICATE_METHOD_MATCH = YES;
				COPY_PHASE_STRIP = NO;
				DEBUG_INFORMATION_FORMAT = dwarf;
				ENABLE_STRICT_OBJC_MSGSEND = YES;
				ENABLE_TESTABILITY = YES;
				ENABLE_USER_SCRIPT_SANDBOXING = YES;
				GCC_C_LANGUAGE_STANDARD = gnu17;
				GCC_DYNAMIC_NO_PIC = NO;
				GCC_NO_COMMON_BLOCKS = YES;
				GCC_OPTIMIZATION_LEVEL = 0;
				GCC_PREPROCESSOR_DEFINITIONS = (
					"DEBUG=1",
					"$(inherited)",
				);
				GCC_WARN_64_TO_32_BIT_CONVERSION = YES;
				GCC_WARN_ABOUT_RETURN_TYPE = YES_ERROR;
				GCC_WARN_UNDECLARED_SELECTOR = YES;
				GCC_WARN_UNINITIALIZED_AUTOS = YES_AGGRESSIVE;
				GCC_WARN_UNUSED_FUNCTION = YES;
				GCC_WARN_UNUSED_VARIABLE = YES;
				IPHONEOS_DEPLOYMENT_TARGET = 18.5;
				LOCALIZATION_PREFERS_STRING_CATALOGS = YES;
				MTL_ENABLE_DEBUG_INFO = INCLUDE_SOURCE;
				MTL_FAST_MATH = YES;
				ONLY_ACTIVE_ARCH = YES;
				SDKROOT = iphoneos;
				STRING_CATALOG_GENERATE_SYMBOLS = YES;
				SWIFT_ACTIVE_COMPILATION_CONDITIONS = "DEBUG $(inherited)";
				SWIFT_OPTIMIZATION_LEVEL = "-Onone";
			};
			name = Debug;
		};
		323447132EC5AF190099BB50 /* Release */ = {
			isa = XCBuildConfiguration;
			buildSettings = {
				ALWAYS_SEARCH_USER_PATHS = NO;
				ASSETCATALOG_COMPILER_GENERATE_SWIFT_ASSET_SYMBOL_EXTENSIONS = YES;
				CLANG_ANALYZER_NONNULL = YES;
				CLANG_ANALYZER_NUMBER_OBJECT_CONVERSION = YES_AGGRESSIVE;
				CLANG_CXX_LANGUAGE_STANDARD = "gnu++20";
				CLANG_ENABLE_MODULES = YES;
				CLANG_ENABLE_OBJC_ARC = YES;
				CLANG_ENABLE_OBJC_WEAK = YES;
				CLANG_WARN_BLOCK_CAPTURE_AUTORELEASING = YES;
				CLANG_WARN_BOOL_CONVERSION = YES;
				CLANG_WARN_COMMA = YES;
				CLANG_WARN_CONSTANT_CONVERSION = YES;
				CLANG_WARN_DEPRECATED_OBJC_IMPLEMENTATIONS = YES;
				CLANG_WARN_DIRECT_OBJC_ISA_USAGE = YES_ERROR;
				CLANG_WARN_DOCUMENTATION_COMMENTS = YES;
				CLANG_WARN_EMPTY_BODY = YES;
				CLANG_WARN_ENUM_CONVERSION = YES;
				CLANG_WARN_INFINITE_RECURSION = YES;
				CLANG_WARN_INT_CONVERSION = YES;
				CLANG_WARN_NON_LITERAL_NULL_CONVERSION = YES;
				CLANG_WARN_OBJC_IMPLICIT_RETAIN_SELF = YES;
				CLANG_WARN_OBJC_LITERAL_CONVERSION = YES;
				CLANG_WARN_OBJC_ROOT_CLASS = YES_ERROR;
				CLANG_WARN_QUOTED_INCLUDE_IN_FRAMEWORK_HEADER = YES;
				CLANG_WARN_RANGE_LOOP_ANALYSIS = YES;
				CLANG_WARN_STRICT_PROTOTYPES = YES;
				CLANG_WARN_SUSPICIOUS_MOVE = YES;
				CLANG_WARN_UNGUARDED_AVAILABILITY = YES_AGGRESSIVE;
				CLANG_WARN_UNREACHABLE_CODE = YES;
				CLANG_WARN__DUPLICATE_METHOD_MATCH = YES;
				COPY_PHASE_STRIP = NO;
				DEBUG_INFORMATION_FORMAT = "dwarf-with-dsym";
				ENABLE_NS_ASSERTIONS = NO;
				ENABLE_STRICT_OBJC_MSGSEND = YES;
				ENABLE_USER_SCRIPT_SANDBOXING = YES;
				GCC_C_LANGUAGE_STANDARD = gnu17;
				GCC_NO_COMMON_BLOCKS = YES;
				GCC_WARN_64_TO_32_BIT_CONVERSION = YES;
				GCC_WARN_ABOUT_RETURN_TYPE = YES_ERROR;
				GCC_WARN_UNDECLARED_SELECTOR = YES;
				GCC_WARN_UNINITIALIZED_AUTOS = YES_AGGRESSIVE;
				GCC_WARN_UNUSED_FUNCTION = YES;
				GCC_WARN_UNUSED_VARIABLE = YES;
				IPHONEOS_DEPLOYMENT_TARGET = 18.5;
				LOCALIZATION_PREFERS_STRING_CATALOGS = YES;
				MTL_ENABLE_DEBUG_INFO = NO;
				MTL_FAST_MATH = YES;
				SDKROOT = iphoneos;
				STRING_CATALOG_GENERATE_SYMBOLS = YES;
				SWIFT_COMPILATION_MODE = wholemodule;
				VALIDATE_PRODUCT = YES;
			};
			name = Release;
		};
		323447152EC5AF190099BB50 /* Debug */ = {
			isa = XCBuildConfiguration;
			buildSettings = {
				BUNDLE_LOADER = "$(TEST_HOST)";
				CODE_SIGN_STYLE = Automatic;
				CURRENT_PROJECT_VERSION = 1;
				GENERATE_INFOPLIST_FILE = YES;
				IPHONEOS_DEPLOYMENT_TARGET = 18.5;
				MARKETING_VERSION = 1.0;
				PRODUCT_BUNDLE_IDENTIFIER = com.rxswift.tutorial.GenericsExtensionsTests;
				PRODUCT_NAME = "$(TARGET_NAME)";
				SWIFT_EMIT_LOC_STRINGS = NO;
				SWIFT_VERSION = 5.0;
				TARGETED_DEVICE_FAMILY = "1,2";
				TEST_HOST = "$(BUILT_PRODUCTS_DIR)/GenericsExtensions.app/$(BUNDLE_EXECUTABLE_FOLDER_PATH)/GenericsExtensions";
			};
			name = Debug;
		};
		323447162EC5AF190099BB50 /* Release */ = {
			isa = XCBuildConfiguration;
			buildSettings = {
				BUNDLE_LOADER = "$(TEST_HOST)";
				CODE_SIGN_STYLE = Automatic;
				CURRENT_PROJECT_VERSION = 1;
				GENERATE_INFOPLIST_FILE = YES;
				IPHONEOS_DEPLOYMENT_TARGET = 18.5;
				MARKETING_VERSION = 1.0;
				PRODUCT_BUNDLE_IDENTIFIER = com.rxswift.tutorial.GenericsExtensionsTests;
				PRODUCT_NAME = "$(TARGET_NAME)";
				SWIFT_EMIT_LOC_STRINGS = NO;
				SWIFT_VERSION = 5.0;
				TARGETED_DEVICE_FAMILY = "1,2";
				TEST_HOST = "$(BUILT_PRODUCTS_DIR)/GenericsExtensions.app/$(BUNDLE_EXECUTABLE_FOLDER_PATH)/GenericsExtensions";
			};
			name = Release;
		};
		323447182EC5AF190099BB50 /* Debug */ = {
			isa = XCBuildConfiguration;
			buildSettings = {
				CODE_SIGN_STYLE = Automatic;
				CURRENT_PROJECT_VERSION = 1;
				GENERATE_INFOPLIST_FILE = YES;
				MARKETING_VERSION = 1.0;
				PRODUCT_BUNDLE_IDENTIFIER = com.rxswift.tutorial.GenericsExtensionsUITests;
				PRODUCT_NAME = "$(TARGET_NAME)";
				SWIFT_EMIT_LOC_STRINGS = NO;
				SWIFT_VERSION = 5.0;
				TARGETED_DEVICE_FAMILY = "1,2";
				TEST_TARGET_NAME = GenericsExtensions;
			};
			name = Debug;
		};
		323447192EC5AF190099BB50 /* Release */ = {
			isa = XCBuildConfiguration;
			buildSettings = {
				CODE_SIGN_STYLE = Automatic;
				CURRENT_PROJECT_VERSION = 1;
				GENERATE_INFOPLIST_FILE = YES;
				MARKETING_VERSION = 1.0;
				PRODUCT_BUNDLE_IDENTIFIER = com.rxswift.tutorial.GenericsExtensionsUITests;
				PRODUCT_NAME = "$(TARGET_NAME)";
				SWIFT_EMIT_LOC_STRINGS = NO;
				SWIFT_VERSION = 5.0;
				TARGETED_DEVICE_FAMILY = "1,2";
				TEST_TARGET_NAME = GenericsExtensions;
			};
			name = Release;
		};
/* End XCBuildConfiguration section */

/* Begin XCConfigurationList section */
		323446E12EC5AF180099BB50 /* Build configuration list for PBXProject "GenericsExtensions" */ = {
			isa = XCConfigurationList;
			buildConfigurations = (
				323447122EC5AF190099BB50 /* Debug */,
				323447132EC5AF190099BB50 /* Release */,
			);
			defaultConfigurationIsVisible = 0;
			defaultConfigurationName = Release;
		};
		3234470F2EC5AF190099BB50 /* Build configuration list for PBXNativeTarget "GenericsExtensions" */ = {
			isa = XCConfigurationList;
			buildConfigurations = (
				323447102EC5AF190099BB50 /* Debug */,
				323447112EC5AF190099BB50 /* Release */,
			);
			defaultConfigurationIsVisible = 0;
			defaultConfigurationName = Release;
		};
		323447142EC5AF190099BB50 /* Build configuration list for PBXNativeTarget "GenericsExtensionsTests" */ = {
			isa = XCConfigurationList;
			buildConfigurations = (
				323447152EC5AF190099BB50 /* Debug */,
				323447162EC5AF190099BB50 /* Release */,
			);
			defaultConfigurationIsVisible = 0;
			defaultConfigurationName = Release;
		};
		323447172EC5AF190099BB50 /* Build configuration list for PBXNativeTarget "GenericsExtensionsUITests" */ = {
			isa = XCConfigurationList;
			buildConfigurations = (
				323447182EC5AF190099BB50 /* Debug */,
				323447192EC5AF190099BB50 /* Release */,
			);
			defaultConfigurationIsVisible = 0;
			defaultConfigurationName = Release;
		};
/* End XCConfigurationList section */

/* Begin XCRemoteSwiftPackageReference section */
		3234471A2EC5AF600099BB50 /* XCRemoteSwiftPackageReference "RxSwift" */ = {
			isa = XCRemoteSwiftPackageReference;
			repositoryURL = "https://github.com/ReactiveX/RxSwift.git";
			requirement = {
				kind = upToNextMajorVersion;
				minimumVersion = 6.7.1;
			};
		};
/* End XCRemoteSwiftPackageReference section */

/* Begin XCSwiftPackageProductDependency section */
		325DD3082EC5B87200C24ADD /* RxCocoa */ = {
			isa = XCSwiftPackageProductDependency;
			package = 3234471A2EC5AF600099BB50 /* XCRemoteSwiftPackageReference "RxSwift" */;
			productName = RxCocoa;
		};
		325DD30A2EC5B87200C24ADD /* RxRelay */ = {
			isa = XCSwiftPackageProductDependency;
			package = 3234471A2EC5AF600099BB50 /* XCRemoteSwiftPackageReference "RxSwift" */;
			productName = RxRelay;
		};
		325DD30C2EC5B87200C24ADD /* RxSwift */ = {
			isa = XCSwiftPackageProductDependency;
			package = 3234471A2EC5AF600099BB50 /* XCRemoteSwiftPackageReference "RxSwift" */;
			productName = RxSwift;
		};
/* End XCSwiftPackageProductDependency section */
	};
	rootObject = 323446DE2EC5AF180099BB50 /* Project object */;
}
