// !$*UTF8*$!
{
	archiveVersion = 1;
	classes = {
	};
	objectVersion = 77;
	objects = {

/* Begin PBXContainerItemProxy section */
		320CF1C12EA7362600F6A1AA /* PBXContainerItemProxy */ = {
			isa = PBXContainerItemProxy;
			containerPortal = 320CF1AA2EA7362400F6A1AA /* Project object */;
			proxyType = 1;
			remoteGlobalIDString = 320CF1B12EA7362400F6A1AA;
			remoteInfo = CounterApp;
		};
		320CF1CB2EA7362600F6A1AA /* PBXContainerItemProxy */ = {
			isa = PBXContainerItemProxy;
			containerPortal = 320CF1AA2EA7362400F6A1AA /* Project object */;
			proxyType = 1;
			remoteGlobalIDString = 320CF1B12EA7362400F6A1AA;
			remoteInfo = CounterApp;
		};
/* End PBXContainerItemProxy section */

/* Begin PBXFileReference section */
		320CF1B22EA7362400F6A1AA /* CounterApp.app */ = {isa = PBXFileReference; explicitFileType = wrapper.application; includeInIndex = 0; path = CounterApp.app; sourceTree = BUILT_PRODUCTS_DIR; };
		320CF1C02EA7362600F6A1AA /* CounterAppTests.xctest */ = {isa = PBXFileReference; explicitFileType = wrapper.cfbundle; includeInIndex = 0; path = CounterAppTests.xctest; sourceTree = BUILT_PRODUCTS_DIR; };
		320CF1CA2EA7362600F6A1AA /* CounterAppUITests.xctest */ = {isa = PBXFileReference; explicitFileType = wrapper.cfbundle; includeInIndex = 0; path = CounterAppUITests.xctest; sourceTree = BUILT_PRODUCTS_DIR; };
/* End PBXFileReference section */

/* Begin PBXFileSystemSynchronizedRootGroup section */
		320CF1B42EA7362400F6A1AA /* CounterApp */ = {
			isa = PBXFileSystemSynchronizedRootGroup;
			path = CounterApp;
			sourceTree = "<group>";
		};
		320CF1C32EA7362600F6A1AA /* CounterAppTests */ = {
			isa = PBXFileSystemSynchronizedRootGroup;
			path = CounterAppTests;
			sourceTree = "<group>";
		};
		320CF1CD2EA7362600F6A1AA /* CounterAppUITests */ = {
			isa = PBXFileSystemSynchronizedRootGroup;
			path = CounterAppUITests;
			sourceTree = "<group>";
		};
/* End PBXFileSystemSynchronizedRootGroup section */

/* Begin PBXFrameworksBuildPhase section */
		320CF1AF2EA7362400F6A1AA /* Frameworks */ = {
			isa = PBXFrameworksBuildPhase;
			buildActionMask = 2147483647;
			files = (
			);
			runOnlyForDeploymentPostprocessing = 0;
		};
		320CF1BD2EA7362600F6A1AA /* Frameworks */ = {
			isa = PBXFrameworksBuildPhase;
			buildActionMask = 2147483647;
			files = (
			);
			runOnlyForDeploymentPostprocessing = 0;
		};
		320CF1C72EA7362600F6A1AA /* Frameworks */ = {
			isa = PBXFrameworksBuildPhase;
			buildActionMask = 2147483647;
			files = (
			);
			runOnlyForDeploymentPostprocessing = 0;
		};
/* End PBXFrameworksBuildPhase section */

/* Begin PBXGroup section */
		320CF1A92EA7362400F6A1AA = {
			isa = PBXGroup;
			children = (
				320CF1B42EA7362400F6A1AA /* CounterApp */,
				320CF1C32EA7362600F6A1AA /* CounterAppTests */,
				320CF1CD2EA7362600F6A1AA /* CounterAppUITests */,
				320CF1B32EA7362400F6A1AA /* Products */,
			);
			sourceTree = "<group>";
		};
		320CF1B32EA7362400F6A1AA /* Products */ = {
			isa = PBXGroup;
			children = (
				320CF1B22EA7362400F6A1AA /* CounterApp.app */,
				320CF1C02EA7362600F6A1AA /* CounterAppTests.xctest */,
				320CF1CA2EA7362600F6A1AA /* CounterAppUITests.xctest */,
			);
			name = Products;
			sourceTree = "<group>";
		};
/* End PBXGroup section */

/* Begin PBXNativeTarget section */
		320CF1B12EA7362400F6A1AA /* CounterApp */ = {
			isa = PBXNativeTarget;
			buildConfigurationList = 320CF1D42EA7362600F6A1AA /* Build configuration list for PBXNativeTarget "CounterApp" */;
			buildPhases = (
				320CF1AE2EA7362400F6A1AA /* Sources */,
				320CF1AF2EA7362400F6A1AA /* Frameworks */,
				320CF1B02EA7362400F6A1AA /* Resources */,
			);
			buildRules = (
			);
			dependencies = (
			);
			fileSystemSynchronizedGroups = (
				320CF1B42EA7362400F6A1AA /* CounterApp */,
			);
			name = CounterApp;
			packageProductDependencies = (
				3A0CF1E12EA7500100F6A1AA /* RxSwift */,
				3A0CF1E22EA7500200F6A1AA /* RxCocoa */,
				3A0CF1E32EA7500300F6A1AA /* RxRelay */,
			);
			productName = CounterApp;
			productReference = 320CF1B22EA7362400F6A1AA /* CounterApp.app */;
			productType = "com.apple.product-type.application";
		};
		320CF1BF2EA7362600F6A1AA /* CounterAppTests */ = {
			isa = PBXNativeTarget;
			buildConfigurationList = 320CF1D72EA7362600F6A1AA /* Build configuration list for PBXNativeTarget "CounterAppTests" */;
			buildPhases = (
				320CF1BC2EA7362600F6A1AA /* Sources */,
				320CF1BD2EA7362600F6A1AA /* Frameworks */,
				320CF1BE2EA7362600F6A1AA /* Resources */,
			);
			buildRules = (
			);
			dependencies = (
				320CF1C22EA7362600F6A1AA /* PBXTargetDependency */,
			);
			fileSystemSynchronizedGroups = (
				320CF1C32EA7362600F6A1AA /* CounterAppTests */,
			);
			name = CounterAppTests;
			packageProductDependencies = (
				3A0CF1E42EA7500400F6A1AA /* RxBlocking */,
				3A0CF1E52EA7500500F6A1AA /* RxSwift */,
			);
			productName = CounterAppTests;
			productReference = 320CF1C02EA7362600F6A1AA /* CounterAppTests.xctest */;
			productType = "com.apple.product-type.bundle.unit-test";
		};
		320CF1C92EA7362600F6A1AA /* CounterAppUITests */ = {
			isa = PBXNativeTarget;
			buildConfigurationList = 320CF1DA2EA7362600F6A1AA /* Build configuration list for PBXNativeTarget "CounterAppUITests" */;
			buildPhases = (
				320CF1C62EA7362600F6A1AA /* Sources */,
				320CF1C72EA7362600F6A1AA /* Frameworks */,
				320CF1C82EA7362600F6A1AA /* Resources */,
			);
			buildRules = (
			);
			dependencies = (
				320CF1CC2EA7362600F6A1AA /* PBXTargetDependency */,
			);
			fileSystemSynchronizedGroups = (
				320CF1CD2EA7362600F6A1AA /* CounterAppUITests */,
			);
			name = CounterAppUITests;
			packageProductDependencies = (
			);
			productName = CounterAppUITests;
			productReference = 320CF1CA2EA7362600F6A1AA /* CounterAppUITests.xctest */;
			productType = "com.apple.product-type.bundle.ui-testing";
		};
/* End PBXNativeTarget section */

/* Begin PBXProject section */
		320CF1AA2EA7362400F6A1AA /* Project object */ = {
			isa = PBXProject;
			attributes = {
				BuildIndependentTargetsInParallel = 1;
				LastSwiftUpdateCheck = 1640;
				LastUpgradeCheck = 1640;
				TargetAttributes = {
					320CF1B12EA7362400F6A1AA = {
						CreatedOnToolsVersion = 16.4;
					};
					320CF1BF2EA7362600F6A1AA = {
						CreatedOnToolsVersion = 16.4;
						TestTargetID = 320CF1B12EA7362400F6A1AA;
					};
					320CF1C92EA7362600F6A1AA = {
						CreatedOnToolsVersion = 16.4;
						TestTargetID = 320CF1B12EA7362400F6A1AA;
					};
				};
			};
			buildConfigurationList = 320CF1AD2EA7362400F6A1AA /* Build configuration list for PBXProject "CounterApp" */;
			developmentRegion = en;
			hasScannedForEncodings = 0;
			knownRegions = (
				en,
				Base,
			);
			mainGroup = 320CF1A92EA7362400F6A1AA;
			minimizedProjectReferenceProxies = 1;
			preferredProjectObjectVersion = 77;
			productRefGroup = 320CF1B32EA7362400F6A1AA /* Products */;
			packageReferences = (
				3A0CF1E02EA7500000F6A1AA /* XCRemoteSwiftPackageReference "RxSwift" */,
			);
			projectDirPath = "";
			projectRoot = "";
			targets = (
				320CF1B12EA7362400F6A1AA /* CounterApp */,
				320CF1BF2EA7362600F6A1AA /* CounterAppTests */,
				320CF1C92EA7362600F6A1AA /* CounterAppUITests */,
			);
		};
/* End PBXProject section */

/* Begin PBXResourcesBuildPhase section */
		320CF1B02EA7362400F6A1AA /* Resources */ = {
			isa = PBXResourcesBuildPhase;
			buildActionMask = 2147483647;
			files = (
			);
			runOnlyForDeploymentPostprocessing = 0;
		};
		320CF1BE2EA7362600F6A1AA /* Resources */ = {
			isa = PBXResourcesBuildPhase;
			buildActionMask = 2147483647;
			files = (
			);
			runOnlyForDeploymentPostprocessing = 0;
		};
		320CF1C82EA7362600F6A1AA /* Resources */ = {
			isa = PBXResourcesBuildPhase;
			buildActionMask = 2147483647;
			files = (
			);
			runOnlyForDeploymentPostprocessing = 0;
		};
/* End PBXResourcesBuildPhase section */

/* Begin PBXSourcesBuildPhase section */
		320CF1AE2EA7362400F6A1AA /* Sources */ = {
			isa = PBXSourcesBuildPhase;
			buildActionMask = 2147483647;
			files = (
			);
			runOnlyForDeploymentPostprocessing = 0;
		};
		320CF1BC2EA7362600F6A1AA /* Sources */ = {
			isa = PBXSourcesBuildPhase;
			buildActionMask = 2147483647;
			files = (
			);
			runOnlyForDeploymentPostprocessing = 0;
		};
		320CF1C62EA7362600F6A1AA /* Sources */ = {
			isa = PBXSourcesBuildPhase;
			buildActionMask = 2147483647;
			files = (
			);
			runOnlyForDeploymentPostprocessing = 0;
		};
/* End PBXSourcesBuildPhase section */

/* Begin PBXTargetDependency section */
		320CF1C22EA7362600F6A1AA /* PBXTargetDependency */ = {
			isa = PBXTargetDependency;
			target = 320CF1B12EA7362400F6A1AA /* CounterApp */;
			targetProxy = 320CF1C12EA7362600F6A1AA /* PBXContainerItemProxy */;
		};
		320CF1CC2EA7362600F6A1AA /* PBXTargetDependency */ = {
			isa = PBXTargetDependency;
			target = 320CF1B12EA7362400F6A1AA /* CounterApp */;
			targetProxy = 320CF1CB2EA7362600F6A1AA /* PBXContainerItemProxy */;
		};
/* End PBXTargetDependency section */

/* Begin XCBuildConfiguration section */
		320CF1D22EA7362600F6A1AA /* Debug */ = {
			isa = XCBuildConfiguration;
			buildSettings = {
				ALWAYS_SEARCH_USER_PATHS = NO;
				ASSETCATALOG_COMPILER_GENERATE_SWIFT_ASSET_SYMBOL_EXTENSIONS = YES;
				CLANG_ANALYZER_NONNULL = YES;
				CLANG_ANALYZER_NUMBER_OBJECT_CONVERSION = YES_AGGRESSIVE;
				CLANG_CXX_LANGUAGE_STANDARD = "gnu++20";
				CLANG_ENABLE_MODULES = YES;
				CLANG_ENABLE_OBJC_ARC = YES;
				CLANG_ENABLE_OBJC_WEAK = YES;
				CLANG_WARN_BLOCK_CAPTURE_AUTORELEASING = YES;
				CLANG_WARN_BOOL_CONVERSION = YES;
				CLANG_WARN_COMMA = YES;
				CLANG_WARN_CONSTANT_CONVERSION = YES;
				CLANG_WARN_DEPRECATED_OBJC_IMPLEMENTATIONS = YES;
				CLANG_WARN_DIRECT_OBJC_ISA_USAGE = YES_ERROR;
				CLANG_WARN_DOCUMENTATION_COMMENTS = YES;
				CLANG_WARN_EMPTY_BODY = YES;
				CLANG_WARN_ENUM_CONVERSION = YES;
				CLANG_WARN_INFINITE_RECURSION = YES;
				CLANG_WARN_INT_CONVERSION = YES;
				CLANG_WARN_NON_LITERAL_NULL_CONVERSION = YES;
				CLANG_WARN_OBJC_IMPLICIT_RETAIN_SELF = YES;
				CLANG_WARN_OBJC_LITERAL_CONVERSION = YES;
				CLANG_WARN_OBJC_ROOT_CLASS = YES_ERROR;
				CLANG_WARN_QUOTED_INCLUDE_IN_FRAMEWORK_HEADER = YES;
				CLANG_WARN_RANGE_LOOP_ANALYSIS = YES;
				CLANG_WARN_STRICT_PROTOTYPES = YES;
				CLANG_WARN_SUSPICIOUS_MOVE = YES;
				CLANG_WARN_UNGUARDED_AVAILABILITY = YES_AGGRESSIVE;
				CLANG_WARN_UNREACHABLE_CODE = YES;
				CLANG_WARN__DUPLICATE_METHOD_MATCH = YES;
				COPY_PHASE_STRIP = NO;
				DEBUG_INFORMATION_FORMAT = dwarf;
				ENABLE_STRICT_OBJC_MSGSEND = YES;
				ENABLE_TESTABILITY = YES;
				ENABLE_USER_SCRIPT_SANDBOXING = YES;
				GCC_C_LANGUAGE_STANDARD = gnu17;
				GCC_DYNAMIC_NO_PIC = NO;
				GCC_NO_COMMON_BLOCKS = YES;
				GCC_OPTIMIZATION_LEVEL = 0;
				GCC_PREPROCESSOR_DEFINITIONS = (
					"DEBUG=1",
					"$(inherited)",
				);
				GCC_WARN_64_TO_32_BIT_CONVERSION = YES;
				GCC_WARN_ABOUT_RETURN_TYPE = YES_ERROR;
				GCC_WARN_UNDECLARED_SELECTOR = YES;
				GCC_WARN_UNINITIALIZED_AUTOS = YES_AGGRESSIVE;
				GCC_WARN_UNUSED_FUNCTION = YES;
				GCC_WARN_UNUSED_VARIABLE = YES;
				LOCALIZATION_PREFERS_STRING_CATALOGS = YES;
				MTL_ENABLE_DEBUG_INFO = INCLUDE_SOURCE;
				MTL_FAST_MATH = YES;
				ONLY_ACTIVE_ARCH = YES;
				SWIFT_ACTIVE_COMPILATION_CONDITIONS = "DEBUG $(inherited)";
				SWIFT_OPTIMIZATION_LEVEL = "-Onone";
			};
			name = Debug;
		};
		320CF1D32EA7362600F6A1AA /* Release */ = {
			isa = XCBuildConfiguration;
			buildSettings = {
				ALWAYS_SEARCH_USER_PATHS = NO;
				ASSETCATALOG_COMPILER_GENERATE_SWIFT_ASSET_SYMBOL_EXTENSIONS = YES;
				CLANG_ANALYZER_NONNULL = YES;
				CLANG_ANALYZER_NUMBER_OBJECT_CONVERSION = YES_AGGRESSIVE;
				CLANG_CXX_LANGUAGE_STANDARD = "gnu++20";
				CLANG_ENABLE_MODULES = YES;
				CLANG_ENABLE_OBJC_ARC = YES;
				CLANG_ENABLE_OBJC_WEAK = YES;
				CLANG_WARN_BLOCK_CAPTURE_AUTORELEASING = YES;
				CLANG_WARN_BOOL_CONVERSION = YES;
				CLANG_WARN_COMMA = YES;
				CLANG_WARN_CONSTANT_CONVERSION = YES;
				CLANG_WARN_DEPRECATED_OBJC_IMPLEMENTATIONS = YES;
				CLANG_WARN_DIRECT_OBJC_ISA_USAGE = YES_ERROR;
				CLANG_WARN_DOCUMENTATION_COMMENTS = YES;
				CLANG_WARN_EMPTY_BODY = YES;
				CLANG_WARN_ENUM_CONVERSION = YES;
				CLANG_WARN_INFINITE_RECURSION = YES;
				CLANG_WARN_INT_CONVERSION = YES;
				CLANG_WARN_NON_LITERAL_NULL_CONVERSION = YES;
				CLANG_WARN_OBJC_IMPLICIT_RETAIN_SELF = YES;
				CLANG_WARN_OBJC_LITERAL_CONVERSION = YES;
				CLANG_WARN_OBJC_ROOT_CLASS = YES_ERROR;
				CLANG_WARN_QUOTED_INCLUDE_IN_FRAMEWORK_HEADER = YES;
				CLANG_WARN_RANGE_LOOP_ANALYSIS = YES;
				CLANG_WARN_STRICT_PROTOTYPES = YES;
				CLANG_WARN_SUSPICIOUS_MOVE = YES;
				CLANG_WARN_UNGUARDED_AVAILABILITY = YES_AGGRESSIVE;
				CLANG_WARN_UNREACHABLE_CODE = YES;
				CLANG_WARN__DUPLICATE_METHOD_MATCH = YES;
				COPY_PHASE_STRIP = NO;
				DEBUG_INFORMATION_FORMAT = "dwarf-with-dsym";
				ENABLE_NS_ASSERTIONS = NO;
				ENABLE_STRICT_OBJC_MSGSEND = YES;
				ENABLE_USER_SCRIPT_SANDBOXING = YES;
				GCC_C_LANGUAGE_STANDARD = gnu17;
				GCC_NO_COMMON_BLOCKS = YES;
				GCC_WARN_64_TO_32_BIT_CONVERSION = YES;
				GCC_WARN_ABOUT_RETURN_TYPE = YES_ERROR;
				GCC_WARN_UNDECLARED_SELECTOR = YES;
				GCC_WARN_UNINITIALIZED_AUTOS = YES_AGGRESSIVE;
				GCC_WARN_UNUSED_FUNCTION = YES;
				GCC_WARN_UNUSED_VARIABLE = YES;
				LOCALIZATION_PREFERS_STRING_CATALOGS = YES;
				MTL_ENABLE_DEBUG_INFO = NO;
				MTL_FAST_MATH = YES;
				SWIFT_COMPILATION_MODE = wholemodule;
			};
			name = Release;
		};
		320CF1D52EA7362600F6A1AA /* Debug */ = {
			isa = XCBuildConfiguration;
			buildSettings = {
				ASSETCATALOG_COMPILER_APPICON_NAME = AppIcon;
				ASSETCATALOG_COMPILER_GLOBAL_ACCENT_COLOR_NAME = AccentColor;
				CODE_SIGN_ENTITLEMENTS = CounterApp/CounterApp.entitlements;
				CODE_SIGN_STYLE = Automatic;
				CURRENT_PROJECT_VERSION = 1;
				GENERATE_INFOPLIST_FILE = YES;
				"INFOPLIST_KEY_UIApplicationSceneManifest_Generation[sdk=iphoneos*]" = YES;
				"INFOPLIST_KEY_UIApplicationSceneManifest_Generation[sdk=iphonesimulator*]" = YES;
				"INFOPLIST_KEY_UIApplicationSupportsIndirectInputEvents[sdk=iphoneos*]" = YES;
				"INFOPLIST_KEY_UIApplicationSupportsIndirectInputEvents[sdk=iphonesimulator*]" = YES;
				"INFOPLIST_KEY_UILaunchScreen_Generation[sdk=iphoneos*]" = YES;
				"INFOPLIST_KEY_UILaunchScreen_Generation[sdk=iphonesimulator*]" = YES;
				"INFOPLIST_KEY_UIStatusBarStyle[sdk=iphoneos*]" = UIStatusBarStyleDefault;
				"INFOPLIST_KEY_UIStatusBarStyle[sdk=iphonesimulator*]" = UIStatusBarStyleDefault;
				INFOPLIST_KEY_UISupportedInterfaceOrientations_iPad = "UIInterfaceOrientationPortrait UIInterfaceOrientationPortraitUpsideDown UIInterfaceOrientationLandscapeLeft UIInterfaceOrientationLandscapeRight";
				INFOPLIST_KEY_UISupportedInterfaceOrientations_iPhone = "UIInterfaceOrientationPortrait UIInterfaceOrientationLandscapeLeft UIInterfaceOrientationLandscapeRight";
				IPHONEOS_DEPLOYMENT_TARGET = 15.0;
				LD_RUNPATH_SEARCH_PATHS = "@executable_path/Frameworks";
				MARKETING_VERSION = 1.0;
				PRODUCT_BUNDLE_IDENTIFIER = com.rxswift.tutorial.CounterApp;
				PRODUCT_NAME = "$(TARGET_NAME)";
				SDKROOT = iphoneos;
				SUPPORTED_PLATFORMS = "iphoneos iphonesimulator";
				SWIFT_EMIT_LOC_STRINGS = YES;
				SWIFT_VERSION = 5.0;
				TARGETED_DEVICE_FAMILY = "1,2";
			};
			name = Debug;
		};
		320CF1D62EA7362600F6A1AA /* Release */ = {
			isa = XCBuildConfiguration;
			buildSettings = {
				ASSETCATALOG_COMPILER_APPICON_NAME = AppIcon;
				ASSETCATALOG_COMPILER_GLOBAL_ACCENT_COLOR_NAME = AccentColor;
				CODE_SIGN_ENTITLEMENTS = CounterApp/CounterApp.entitlements;
				CODE_SIGN_STYLE = Automatic;
				CURRENT_PROJECT_VERSION = 1;
				GENERATE_INFOPLIST_FILE = YES;
				"INFOPLIST_KEY_UIApplicationSceneManifest_Generation[sdk=iphoneos*]" = YES;
				"INFOPLIST_KEY_UIApplicationSceneManifest_Generation[sdk=iphonesimulator*]" = YES;
				"INFOPLIST_KEY_UIApplicationSupportsIndirectInputEvents[sdk=iphoneos*]" = YES;
				"INFOPLIST_KEY_UIApplicationSupportsIndirectInputEvents[sdk=iphonesimulator*]" = YES;
				"INFOPLIST_KEY_UILaunchScreen_Generation[sdk=iphoneos*]" = YES;
				"INFOPLIST_KEY_UILaunchScreen_Generation[sdk=iphonesimulator*]" = YES;
				"INFOPLIST_KEY_UIStatusBarStyle[sdk=iphoneos*]" = UIStatusBarStyleDefault;
				"INFOPLIST_KEY_UIStatusBarStyle[sdk=iphonesimulator*]" = UIStatusBarStyleDefault;
				INFOPLIST_KEY_UISupportedInterfaceOrientations_iPad = "UIInterfaceOrientationPortrait UIInterfaceOrientationPortraitUpsideDown UIInterfaceOrientationLandscapeLeft UIInterfaceOrientationLandscapeRight";
				INFOPLIST_KEY_UISupportedInterfaceOrientations_iPhone = "UIInterfaceOrientationPortrait UIInterfaceOrientationLandscapeLeft UIInterfaceOrientationLandscapeRight";
				IPHONEOS_DEPLOYMENT_TARGET = 15.0;
				LD_RUNPATH_SEARCH_PATHS = "@executable_path/Frameworks";
				MARKETING_VERSION = 1.0;
				PRODUCT_BUNDLE_IDENTIFIER = com.rxswift.tutorial.CounterApp;
				PRODUCT_NAME = "$(TARGET_NAME)";
				SDKROOT = iphoneos;
				SUPPORTED_PLATFORMS = "iphoneos iphonesimulator";
				SWIFT_EMIT_LOC_STRINGS = YES;
				SWIFT_VERSION = 5.0;
				TARGETED_DEVICE_FAMILY = "1,2";
			};
			name = Release;
		};
		320CF1D82EA7362600F6A1AA /* Debug */ = {
			isa = XCBuildConfiguration;
			buildSettings = {
				BUNDLE_LOADER = "$(TEST_HOST)";
				CODE_SIGN_STYLE = Automatic;
				CURRENT_PROJECT_VERSION = 1;
				GENERATE_INFOPLIST_FILE = YES;
				IPHONEOS_DEPLOYMENT_TARGET = 15.0;
				MARKETING_VERSION = 1.0;
				PRODUCT_BUNDLE_IDENTIFIER = com.rxswift.tutorial.CounterAppTests;
				PRODUCT_NAME = "$(TARGET_NAME)";
				SDKROOT = iphoneos;
				SUPPORTED_PLATFORMS = "iphoneos iphonesimulator";
				SWIFT_EMIT_LOC_STRINGS = NO;
				SWIFT_VERSION = 5.0;
				TARGETED_DEVICE_FAMILY = "1,2";
				TEST_HOST = "$(BUILT_PRODUCTS_DIR)/CounterApp.app/$(BUNDLE_EXECUTABLE_FOLDER_PATH)/CounterApp";
			};
			name = Debug;
		};
		320CF1D92EA7362600F6A1AA /* Release */ = {
			isa = XCBuildConfiguration;
			buildSettings = {
				BUNDLE_LOADER = "$(TEST_HOST)";
				CODE_SIGN_STYLE = Automatic;
				CURRENT_PROJECT_VERSION = 1;
				GENERATE_INFOPLIST_FILE = YES;
				IPHONEOS_DEPLOYMENT_TARGET = 15.0;
				MARKETING_VERSION = 1.0;
				PRODUCT_BUNDLE_IDENTIFIER = com.rxswift.tutorial.CounterAppTests;
				PRODUCT_NAME = "$(TARGET_NAME)";
				SDKROOT = iphoneos;
				SUPPORTED_PLATFORMS = "iphoneos iphonesimulator";
				SWIFT_EMIT_LOC_STRINGS = NO;
				SWIFT_VERSION = 5.0;
				TARGETED_DEVICE_FAMILY = "1,2";
				TEST_HOST = "$(BUILT_PRODUCTS_DIR)/CounterApp.app/$(BUNDLE_EXECUTABLE_FOLDER_PATH)/CounterApp";
			};
			name = Release;
		};
		320CF1DB2EA7362600F6A1AA /* Debug */ = {
			isa = XCBuildConfiguration;
			buildSettings = {
				CODE_SIGN_STYLE = Automatic;
				CURRENT_PROJECT_VERSION = 1;
				GENERATE_INFOPLIST_FILE = YES;
				IPHONEOS_DEPLOYMENT_TARGET = 15.0;
				MARKETING_VERSION = 1.0;
				PRODUCT_BUNDLE_IDENTIFIER = com.rxswift.tutorial.CounterAppUITests;
				PRODUCT_NAME = "$(TARGET_NAME)";
				SDKROOT = iphoneos;
				SUPPORTED_PLATFORMS = "iphoneos iphonesimulator";
				SWIFT_EMIT_LOC_STRINGS = NO;
				SWIFT_VERSION = 5.0;
				TARGETED_DEVICE_FAMILY = "1,2";
				TEST_TARGET_NAME = CounterApp;
			};
			name = Debug;
		};
		320CF1DC2EA7362600F6A1AA /* Release */ = {
			isa = XCBuildConfiguration;
			buildSettings = {
				CODE_SIGN_STYLE = Automatic;
				CURRENT_PROJECT_VERSION = 1;
				GENERATE_INFOPLIST_FILE = YES;
				IPHONEOS_DEPLOYMENT_TARGET = 15.0;
				MARKETING_VERSION = 1.0;
				PRODUCT_BUNDLE_IDENTIFIER = com.rxswift.tutorial.CounterAppUITests;
				PRODUCT_NAME = "$(TARGET_NAME)";
				SDKROOT = iphoneos;
				SUPPORTED_PLATFORMS = "iphoneos iphonesimulator";
				SWIFT_EMIT_LOC_STRINGS = NO;
				SWIFT_VERSION = 5.0;
				TARGETED_DEVICE_FAMILY = "1,2";
				TEST_TARGET_NAME = CounterApp;
			};
			name = Release;
		};
/* End XCBuildConfiguration section */

/* Begin XCConfigurationList section */
		320CF1AD2EA7362400F6A1AA /* Build configuration list for PBXProject "CounterApp" */ = {
			isa = XCConfigurationList;
			buildConfigurations = (
				320CF1D22EA7362600F6A1AA /* Debug */,
				320CF1D32EA7362600F6A1AA /* Release */,
			);
			defaultConfigurationIsVisible = 0;
			defaultConfigurationName = Release;
		};
		320CF1D42EA7362600F6A1AA /* Build configuration list for PBXNativeTarget "CounterApp" */ = {
			isa = XCConfigurationList;
			buildConfigurations = (
				320CF1D52EA7362600F6A1AA /* Debug */,
				320CF1D62EA7362600F6A1AA /* Release */,
			);
			defaultConfigurationIsVisible = 0;
			defaultConfigurationName = Release;
		};
		320CF1D72EA7362600F6A1AA /* Build configuration list for PBXNativeTarget "CounterAppTests" */ = {
			isa = XCConfigurationList;
			buildConfigurations = (
				320CF1D82EA7362600F6A1AA /* Debug */,
				320CF1D92EA7362600F6A1AA /* Release */,
			);
			defaultConfigurationIsVisible = 0;
			defaultConfigurationName = Release;
		};
		320CF1DA2EA7362600F6A1AA /* Build configuration list for PBXNativeTarget "CounterAppUITests" */ = {
			isa = XCConfigurationList;
			buildConfigurations = (
				320CF1DB2EA7362600F6A1AA /* Debug */,
				320CF1DC2EA7362600F6A1AA /* Release */,
			);
			defaultConfigurationIsVisible = 0;
			defaultConfigurationName = Release;
		};
/* End XCConfigurationList section */

/* Begin XCRemoteSwiftPackageReference section */
		3A0CF1E02EA7500000F6A1AA /* XCRemoteSwiftPackageReference "RxSwift" */ = {
			isa = XCRemoteSwiftPackageReference;
			repositoryURL = "https://github.com/ReactiveX/RxSwift.git";
			requirement = {
				kind = upToNextMajorVersion;
				minimumVersion = 6.9.0;
			};
		};
/* End XCRemoteSwiftPackageReference section */

/* Begin XCSwiftPackageProductDependency section */
		3A0CF1E12EA7500100F6A1AA /* RxSwift */ = {
			isa = XCSwiftPackageProductDependency;
			package = 3A0CF1E02EA7500000F6A1AA /* XCRemoteSwiftPackageReference "RxSwift" */;
			productName = RxSwift;
		};
		3A0CF1E22EA7500200F6A1AA /* RxCocoa */ = {
			isa = XCSwiftPackageProductDependency;
			package = 3A0CF1E02EA7500000F6A1AA /* XCRemoteSwiftPackageReference "RxSwift" */;
			productName = RxCocoa;
		};
		3A0CF1E32EA7500300F6A1AA /* RxRelay */ = {
			isa = XCSwiftPackageProductDependency;
			package = 3A0CF1E02EA7500000F6A1AA /* XCRemoteSwiftPackageReference "RxSwift" */;
			productName = RxRelay;
		};
		3A0CF1E42EA7500400F6A1AA /* RxBlocking */ = {
			isa = XCSwiftPackageProductDependency;
			package = 3A0CF1E02EA7500000F6A1AA /* XCRemoteSwiftPackageReference "RxSwift" */;
			productName = RxBlocking;
		};
		3A0CF1E52EA7500500F6A1AA /* RxSwift */ = {
			isa = XCSwiftPackageProductDependency;
			package = 3A0CF1E02EA7500000F6A1AA /* XCRemoteSwiftPackageReference "RxSwift" */;
			productName = RxSwift;
		};
/* End XCSwiftPackageProductDependency section */
	};
	rootObject = 320CF1AA2EA7362400F6A1AA /* Project object */;
}
